
Microsoft Visual Studio Solution File, Format Version 12.00
# Visual Studio Version 17
VisualStudioVersion = 17.12.35527.113
MinimumVisualStudioVersion = 10.0.40219.1
Project("{FAE04EC0-301F-11D3-BF4B-00C04F79EFBC}") = "Jamesnet.Platform.Uno", "Jamesnet.Platform.Uno\Jamesnet.Platform.Uno.csproj", "{6D91E268-BB66-41E3-8C99-2BB7136EA5B0}"
EndProject
Project("{FAE04EC0-301F-11D3-BF4B-00C04F79EFBC}") = "Jamesnet.Foundation", "Jamesnet.Foundation\Jamesnet.Foundation.csproj", "{4C2A5695-8CC0-4FFA-9173-B08BB31743E8}"
EndProject
Project("{FAE04EC0-301F-11D3-BF4B-00C04F79EFBC}") = "Jamesnet.Platform.OpenSilver", "Jamesnet.Platform.OpenSilver\Jamesnet.Platform.OpenSilver.csproj", "{AE295582-A5E5-4AD7-A111-3D537325E44E}"
EndProject
Project("{FAE04EC0-301F-11D3-BF4B-00C04F79EFBC}") = "Jamesnet.Platform.Wpf", "Jamesnet.Platform.WPF\Jamesnet.Platform.Wpf.csproj", "{6C789B43-2BF9-4C1C-8719-30171D681153}"
EndProject
Project("{FAE04EC0-301F-11D3-BF4B-00C04F79EFBC}") = "Jamesnet.Platform.WinUI3", "Jamesnet.Platform.WinUI3\Jamesnet.Platform.WinUI3.csproj", "{1D851A73-2CA6-4E12-8C2B-BA949AFC6F11}"
EndProject
Global
	GlobalSection(SolutionConfigurationPlatforms) = preSolution
		Debug|Any CPU = Debug|Any CPU
		Release|Any CPU = Release|Any CPU
	EndGlobalSection
	GlobalSection(ProjectConfigurationPlatforms) = postSolution
		{6D91E268-BB66-41E3-8C99-2BB7136EA5B0}.Debug|Any CPU.ActiveCfg = Debug|Any CPU
		{6D91E268-BB66-41E3-8C99-2BB7136EA5B0}.Debug|Any CPU.Build.0 = Debug|Any CPU
		{6D91E268-BB66-41E3-8C99-2BB7136EA5B0}.Release|Any CPU.ActiveCfg = Release|Any CPU
		{6D91E268-BB66-41E3-8C99-2BB7136EA5B0}.Release|Any CPU.Build.0 = Release|Any CPU
		{4C2A5695-8CC0-4FFA-9173-B08BB31743E8}.Debug|Any CPU.ActiveCfg = Debug|Any CPU
		{4C2A5695-8CC0-4FFA-9173-B08BB31743E8}.Debug|Any CPU.Build.0 = Debug|Any CPU
		{4C2A5695-8CC0-4FFA-9173-B08BB31743E8}.Release|Any CPU.ActiveCfg = Release|Any CPU
		{4C2A5695-8CC0-4FFA-9173-B08BB31743E8}.Release|Any CPU.Build.0 = Release|Any CPU
		{AE295582-A5E5-4AD7-A111-3D537325E44E}.Debug|Any CPU.ActiveCfg = Debug|Any CPU
		{AE295582-A5E5-4AD7-A111-3D537325E44E}.Debug|Any CPU.Build.0 = Debug|Any CPU
		{AE295582-A5E5-4AD7-A111-3D537325E44E}.Release|Any CPU.ActiveCfg = Release|Any CPU
		{AE295582-A5E5-4AD7-A111-3D537325E44E}.Release|Any CPU.Build.0 = Release|Any CPU
		{6C789B43-2BF9-4C1C-8719-30171D681153}.Debug|Any CPU.ActiveCfg = Debug|Any CPU
		{6C789B43-2BF9-4C1C-8719-30171D681153}.Debug|Any CPU.Build.0 = Debug|Any CPU
		{6C789B43-2BF9-4C1C-8719-30171D681153}.Release|Any CPU.ActiveCfg = Release|Any CPU
		{6C789B43-2BF9-4C1C-8719-30171D681153}.Release|Any CPU.Build.0 = Release|Any CPU
		{1D851A73-2CA6-4E12-8C2B-BA949AFC6F11}.Debug|Any CPU.ActiveCfg = Debug|Any CPU
		{1D851A73-2CA6-4E12-8C2B-BA949AFC6F11}.Debug|Any CPU.Build.0 = Debug|Any CPU
		{1D851A73-2CA6-4E12-8C2B-BA949AFC6F11}.Release|Any CPU.ActiveCfg = Release|Any CPU
		{1D851A73-2CA6-4E12-8C2B-BA949AFC6F11}.Release|Any CPU.Build.0 = Release|Any CPU
	EndGlobalSection
	GlobalSection(SolutionProperties) = preSolution
		HideSolutionNode = FALSE
	EndGlobalSection
EndGlobal
